
Microsoft Visual Studio Solution File, Format Version 12.00
# Visual Studio Version 16
VisualStudioVersion = 16.0.29318.209
MinimumVisualStudioVersion = 10.0.40219.1
Project("{FAE04EC0-301F-11D3-BF4B-00C04F79EFBC}") = "DreamSchool", "DreamSchool.csproj", "{B55CC9DE-8C7D-4718-A8D6-79A81072954F}"
EndProject
Project("{FAE04EC0-301F-11D3-BF4B-00C04F79EFBC}") = "DreamSchool.BL", "..\DreamSchool.BL\DreamSchool.BL.csproj", "{8CA1F23B-338B-44AA-BA9B-E3AC7FCDBE6D}"
EndProject
Project("{FAE04EC0-301F-11D3-BF4B-00C04F79EFBC}") = "DreamSchool.BO", "..\DreamSchool.BO\DreamSchool.BO.csproj", "{C7FA4423-6CCA-404B-916C-E442063BED59}"
EndProject
Project("{FAE04EC0-301F-11D3-BF4B-00C04F79EFBC}") = "DreamSchool.DA", "..\DreamSchool.DA\DreamSchool.DA.csproj", "{0D406BAD-AC5B-4064-803E-55236E18A254}"
EndProject
Global
	GlobalSection(SolutionConfigurationPlatforms) = preSolution
		Debug|Any CPU = Debug|Any CPU
		Release|Any CPU = Release|Any CPU
	EndGlobalSection
	GlobalSection(ProjectConfigurationPlatforms) = postSolution
		{B55CC9DE-8C7D-4718-A8D6-79A81072954F}.Debug|Any CPU.ActiveCfg = Debug|Any CPU
		{B55CC9DE-8C7D-4718-A8D6-79A81072954F}.Debug|Any CPU.Build.0 = Debug|Any CPU
		{B55CC9DE-8C7D-4718-A8D6-79A81072954F}.Release|Any CPU.ActiveCfg = Release|Any CPU
		{B55CC9DE-8C7D-4718-A8D6-79A81072954F}.Release|Any CPU.Build.0 = Release|Any CPU
		{8CA1F23B-338B-44AA-BA9B-E3AC7FCDBE6D}.Debug|Any CPU.ActiveCfg = Debug|Any CPU
		{8CA1F23B-338B-44AA-BA9B-E3AC7FCDBE6D}.Debug|Any CPU.Build.0 = Debug|Any CPU
		{8CA1F23B-338B-44AA-BA9B-E3AC7FCDBE6D}.Release|Any CPU.ActiveCfg = Release|Any CPU
		{8CA1F23B-338B-44AA-BA9B-E3AC7FCDBE6D}.Release|Any CPU.Build.0 = Release|Any CPU
		{C7FA4423-6CCA-404B-916C-E442063BED59}.Debug|Any CPU.ActiveCfg = Debug|Any CPU
		{C7FA4423-6CCA-404B-916C-E442063BED59}.Debug|Any CPU.Build.0 = Debug|Any CPU
		{C7FA4423-6CCA-404B-916C-E442063BED59}.Release|Any CPU.ActiveCfg = Release|Any CPU
		{C7FA4423-6CCA-404B-916C-E442063BED59}.Release|Any CPU.Build.0 = Release|Any CPU
		{0D406BAD-AC5B-4064-803E-55236E18A254}.Debug|Any CPU.ActiveCfg = Debug|Any CPU
		{0D406BAD-AC5B-4064-803E-55236E18A254}.Debug|Any CPU.Build.0 = Debug|Any CPU
		{0D406BAD-AC5B-4064-803E-55236E18A254}.Release|Any CPU.ActiveCfg = Release|Any CPU
		{0D406BAD-AC5B-4064-803E-55236E18A254}.Release|Any CPU.Build.0 = Release|Any CPU
	EndGlobalSection
	GlobalSection(SolutionProperties) = preSolution
		HideSolutionNode = FALSE
	EndGlobalSection
	GlobalSection(ExtensibilityGlobals) = postSolution
		SolutionGuid = {7B136AD5-5095-4A55-BB28-209F944B78A7}
	EndGlobalSection
EndGlobal
